
Microsoft Visual Studio Solution File, Format Version 12.00
# Visual Studio Version 16
VisualStudioVersion = 16.0.29709.97
MinimumVisualStudioVersion = 10.0.40219.1
Project("{9A19103F-16F7-4668-BE54-9A1E7A4F7556}") = "WhiteBoard7", "WhiteBoard7\WhiteBoard7.csproj", "{55AF877D-CB35-4E47-B220-8C280808724F}"
EndProject
Project("{9A19103F-16F7-4668-BE54-9A1E7A4F7556}") = "PyramidBrickCount", "PyramidBrickCount\PyramidBrickCount.csproj", "{7CD913BB-2CE3-450F-B83A-2D140D25736E}"
EndProject
Project("{9A19103F-16F7-4668-BE54-9A1E7A4F7556}") = "Iterations", "Iterations\Iterations.csproj", "{31497852-B672-495D-9074-40B0A5E2BF6F}"
EndProject
Project("{9A19103F-16F7-4668-BE54-9A1E7A4F7556}") = "ReverseString", "ReverseString\ReverseString.csproj", "{7499E9B5-3F70-4C9A-9E3F-CE316BEBFFA7}"
EndProject
Project("{9A19103F-16F7-4668-BE54-9A1E7A4F7556}") = "ReverseStringTest", "ReverseStringTest\ReverseStringTest.csproj", "{84417D1F-39BB-4AEE-9B82-D17F904AACCF}"
EndProject
Project("{9A19103F-16F7-4668-BE54-9A1E7A4F7556}") = "ContinueLoop", "ContinueLoop\ContinueLoop.csproj", "{EE747EE4-4C0D-4C70-9E25-43FEE7B8227E}"
EndProject
Project("{9A19103F-16F7-4668-BE54-9A1E7A4F7556}") = "ContinueLoopTest", "ContinueLoopTest\ContinueLoopTest.csproj", "{B88FC37B-D077-41CD-BD3E-58A9D14CA4E7}"
EndProject
Project("{9A19103F-16F7-4668-BE54-9A1E7A4F7556}") = "PalindromeLib", "PalindromeLib\PalindromeLib.csproj", "{DE25371A-2633-44CF-BF0D-C3115ADFCAB3}"
EndProject
Project("{9A19103F-16F7-4668-BE54-9A1E7A4F7556}") = "PalindromeTest", "PalindromeTest\PalindromeTest.csproj", "{054F9C37-7BE2-4C5B-B523-A693262C39C7}"
EndProject
Project("{9A19103F-16F7-4668-BE54-9A1E7A4F7556}") = "Tuition", "Tuition\Tuition.csproj", "{453E53BF-0A1D-4BCB-A383-D1A7DB28E3A5}"
EndProject
Project("{9A19103F-16F7-4668-BE54-9A1E7A4F7556}") = "TestArea", "TestArea\TestArea.csproj", "{834E8483-B6BB-42E1-8EA0-5338918CC9FA}"
EndProject
Project("{9A19103F-16F7-4668-BE54-9A1E7A4F7556}") = "Switch-enum", "Switch-enum\Switch-enum.csproj", "{B3459F37-9E18-4D37-A89B-857EF11A3060}"
EndProject
Project("{9A19103F-16F7-4668-BE54-9A1E7A4F7556}") = "SumOfPrimes", "SumOfPrimes\SumOfPrimes.csproj", "{5CFC98D7-19F9-4D93-ADD2-52B4BBEFEEA7}"
EndProject
Project("{9A19103F-16F7-4668-BE54-9A1E7A4F7556}") = "JulianDate", "JulianDate\JulianDate.csproj", "{C45594D5-78F6-4E2E-B315-A8DBAED8314B}"
EndProject
Project("{9A19103F-16F7-4668-BE54-9A1E7A4F7556}") = "Calendar", "Calendar\Calendar.csproj", "{7B24C18D-D9CA-4B08-96FD-24DFCBECF567}"
EndProject
Project("{9A19103F-16F7-4668-BE54-9A1E7A4F7556}") = "CalendarTest", "CalendarTest\CalendarTest.csproj", "{1A483D75-7483-4266-A8E1-4234F45C1B93}"
EndProject
Project("{9A19103F-16F7-4668-BE54-9A1E7A4F7556}") = "EnumTest", "EnumTest\EnumTest.csproj", "{B84A5070-3F72-418A-8457-3FC43A7E7667}"
EndProject
Project("{9A19103F-16F7-4668-BE54-9A1E7A4F7556}") = "Alphabetize", "Alphabetize\Alphabetize.csproj", "{FA5B0CFA-A363-4D41-81EF-14ACF8B0B95E}"
EndProject
Project("{9A19103F-16F7-4668-BE54-9A1E7A4F7556}") = "AlphabetizeTest", "AlphabetizeTest\AlphabetizeTest.csproj", "{00B3CCC0-8420-415B-924D-5AAB9861E21A}"
EndProject
Project("{9A19103F-16F7-4668-BE54-9A1E7A4F7556}") = "IsPrime", "isPrime\IsPrime.csproj", "{FAFBF841-4C27-4714-8055-6E564C5451DE}"
EndProject
Global
	GlobalSection(SolutionConfigurationPlatforms) = preSolution
		Debug|Any CPU = Debug|Any CPU
		Release|Any CPU = Release|Any CPU
	EndGlobalSection
	GlobalSection(ProjectConfigurationPlatforms) = postSolution
		{55AF877D-CB35-4E47-B220-8C280808724F}.Debug|Any CPU.ActiveCfg = Debug|Any CPU
		{55AF877D-CB35-4E47-B220-8C280808724F}.Debug|Any CPU.Build.0 = Debug|Any CPU
		{55AF877D-CB35-4E47-B220-8C280808724F}.Release|Any CPU.ActiveCfg = Release|Any CPU
		{55AF877D-CB35-4E47-B220-8C280808724F}.Release|Any CPU.Build.0 = Release|Any CPU
		{7CD913BB-2CE3-450F-B83A-2D140D25736E}.Debug|Any CPU.ActiveCfg = Debug|Any CPU
		{7CD913BB-2CE3-450F-B83A-2D140D25736E}.Debug|Any CPU.Build.0 = Debug|Any CPU
		{7CD913BB-2CE3-450F-B83A-2D140D25736E}.Release|Any CPU.ActiveCfg = Release|Any CPU
		{7CD913BB-2CE3-450F-B83A-2D140D25736E}.Release|Any CPU.Build.0 = Release|Any CPU
		{31497852-B672-495D-9074-40B0A5E2BF6F}.Debug|Any CPU.ActiveCfg = Debug|Any CPU
		{31497852-B672-495D-9074-40B0A5E2BF6F}.Debug|Any CPU.Build.0 = Debug|Any CPU
		{31497852-B672-495D-9074-40B0A5E2BF6F}.Release|Any CPU.ActiveCfg = Release|Any CPU
		{31497852-B672-495D-9074-40B0A5E2BF6F}.Release|Any CPU.Build.0 = Release|Any CPU
		{7499E9B5-3F70-4C9A-9E3F-CE316BEBFFA7}.Debug|Any CPU.ActiveCfg = Debug|Any CPU
		{7499E9B5-3F70-4C9A-9E3F-CE316BEBFFA7}.Debug|Any CPU.Build.0 = Debug|Any CPU
		{7499E9B5-3F70-4C9A-9E3F-CE316BEBFFA7}.Release|Any CPU.ActiveCfg = Release|Any CPU
		{7499E9B5-3F70-4C9A-9E3F-CE316BEBFFA7}.Release|Any CPU.Build.0 = Release|Any CPU
		{84417D1F-39BB-4AEE-9B82-D17F904AACCF}.Debug|Any CPU.ActiveCfg = Debug|Any CPU
		{84417D1F-39BB-4AEE-9B82-D17F904AACCF}.Debug|Any CPU.Build.0 = Debug|Any CPU
		{84417D1F-39BB-4AEE-9B82-D17F904AACCF}.Release|Any CPU.ActiveCfg = Release|Any CPU
		{84417D1F-39BB-4AEE-9B82-D17F904AACCF}.Release|Any CPU.Build.0 = Release|Any CPU
		{EE747EE4-4C0D-4C70-9E25-43FEE7B8227E}.Debug|Any CPU.ActiveCfg = Debug|Any CPU
		{EE747EE4-4C0D-4C70-9E25-43FEE7B8227E}.Debug|Any CPU.Build.0 = Debug|Any CPU
		{EE747EE4-4C0D-4C70-9E25-43FEE7B8227E}.Release|Any CPU.ActiveCfg = Release|Any CPU
		{EE747EE4-4C0D-4C70-9E25-43FEE7B8227E}.Release|Any CPU.Build.0 = Release|Any CPU
		{B88FC37B-D077-41CD-BD3E-58A9D14CA4E7}.Debug|Any CPU.ActiveCfg = Debug|Any CPU
		{B88FC37B-D077-41CD-BD3E-58A9D14CA4E7}.Debug|Any CPU.Build.0 = Debug|Any CPU
		{B88FC37B-D077-41CD-BD3E-58A9D14CA4E7}.Release|Any CPU.ActiveCfg = Release|Any CPU
		{B88FC37B-D077-41CD-BD3E-58A9D14CA4E7}.Release|Any CPU.Build.0 = Release|Any CPU
		{DE25371A-2633-44CF-BF0D-C3115ADFCAB3}.Debug|Any CPU.ActiveCfg = Debug|Any CPU
		{DE25371A-2633-44CF-BF0D-C3115ADFCAB3}.Debug|Any CPU.Build.0 = Debug|Any CPU
		{DE25371A-2633-44CF-BF0D-C3115ADFCAB3}.Release|Any CPU.ActiveCfg = Release|Any CPU
		{DE25371A-2633-44CF-BF0D-C3115ADFCAB3}.Release|Any CPU.Build.0 = Release|Any CPU
		{054F9C37-7BE2-4C5B-B523-A693262C39C7}.Debug|Any CPU.ActiveCfg = Debug|Any CPU
		{054F9C37-7BE2-4C5B-B523-A693262C39C7}.Debug|Any CPU.Build.0 = Debug|Any CPU
		{054F9C37-7BE2-4C5B-B523-A693262C39C7}.Release|Any CPU.ActiveCfg = Release|Any CPU
		{054F9C37-7BE2-4C5B-B523-A693262C39C7}.Release|Any CPU.Build.0 = Release|Any CPU
		{453E53BF-0A1D-4BCB-A383-D1A7DB28E3A5}.Debug|Any CPU.ActiveCfg = Debug|Any CPU
		{453E53BF-0A1D-4BCB-A383-D1A7DB28E3A5}.Debug|Any CPU.Build.0 = Debug|Any CPU
		{453E53BF-0A1D-4BCB-A383-D1A7DB28E3A5}.Release|Any CPU.ActiveCfg = Release|Any CPU
		{453E53BF-0A1D-4BCB-A383-D1A7DB28E3A5}.Release|Any CPU.Build.0 = Release|Any CPU
		{834E8483-B6BB-42E1-8EA0-5338918CC9FA}.Debug|Any CPU.ActiveCfg = Debug|Any CPU
		{834E8483-B6BB-42E1-8EA0-5338918CC9FA}.Debug|Any CPU.Build.0 = Debug|Any CPU
		{834E8483-B6BB-42E1-8EA0-5338918CC9FA}.Release|Any CPU.ActiveCfg = Release|Any CPU
		{834E8483-B6BB-42E1-8EA0-5338918CC9FA}.Release|Any CPU.Build.0 = Release|Any CPU
		{B3459F37-9E18-4D37-A89B-857EF11A3060}.Debug|Any CPU.ActiveCfg = Debug|Any CPU
		{B3459F37-9E18-4D37-A89B-857EF11A3060}.Debug|Any CPU.Build.0 = Debug|Any CPU
		{B3459F37-9E18-4D37-A89B-857EF11A3060}.Release|Any CPU.ActiveCfg = Release|Any CPU
		{B3459F37-9E18-4D37-A89B-857EF11A3060}.Release|Any CPU.Build.0 = Release|Any CPU
		{5CFC98D7-19F9-4D93-ADD2-52B4BBEFEEA7}.Debug|Any CPU.ActiveCfg = Debug|Any CPU
		{5CFC98D7-19F9-4D93-ADD2-52B4BBEFEEA7}.Debug|Any CPU.Build.0 = Debug|Any CPU
		{5CFC98D7-19F9-4D93-ADD2-52B4BBEFEEA7}.Release|Any CPU.ActiveCfg = Release|Any CPU
		{5CFC98D7-19F9-4D93-ADD2-52B4BBEFEEA7}.Release|Any CPU.Build.0 = Release|Any CPU
		{C45594D5-78F6-4E2E-B315-A8DBAED8314B}.Debug|Any CPU.ActiveCfg = Debug|Any CPU
		{C45594D5-78F6-4E2E-B315-A8DBAED8314B}.Debug|Any CPU.Build.0 = Debug|Any CPU
		{C45594D5-78F6-4E2E-B315-A8DBAED8314B}.Release|Any CPU.ActiveCfg = Release|Any CPU
		{C45594D5-78F6-4E2E-B315-A8DBAED8314B}.Release|Any CPU.Build.0 = Release|Any CPU
		{7B24C18D-D9CA-4B08-96FD-24DFCBECF567}.Debug|Any CPU.ActiveCfg = Debug|Any CPU
		{7B24C18D-D9CA-4B08-96FD-24DFCBECF567}.Debug|Any CPU.Build.0 = Debug|Any CPU
		{7B24C18D-D9CA-4B08-96FD-24DFCBECF567}.Release|Any CPU.ActiveCfg = Release|Any CPU
		{7B24C18D-D9CA-4B08-96FD-24DFCBECF567}.Release|Any CPU.Build.0 = Release|Any CPU
		{1A483D75-7483-4266-A8E1-4234F45C1B93}.Debug|Any CPU.ActiveCfg = Debug|Any CPU
		{1A483D75-7483-4266-A8E1-4234F45C1B93}.Debug|Any CPU.Build.0 = Debug|Any CPU
		{1A483D75-7483-4266-A8E1-4234F45C1B93}.Release|Any CPU.ActiveCfg = Release|Any CPU
		{1A483D75-7483-4266-A8E1-4234F45C1B93}.Release|Any CPU.Build.0 = Release|Any CPU
		{B84A5070-3F72-418A-8457-3FC43A7E7667}.Debug|Any CPU.ActiveCfg = Debug|Any CPU
		{B84A5070-3F72-418A-8457-3FC43A7E7667}.Debug|Any CPU.Build.0 = Debug|Any CPU
		{B84A5070-3F72-418A-8457-3FC43A7E7667}.Release|Any CPU.ActiveCfg = Release|Any CPU
		{B84A5070-3F72-418A-8457-3FC43A7E7667}.Release|Any CPU.Build.0 = Release|Any CPU
		{FA5B0CFA-A363-4D41-81EF-14ACF8B0B95E}.Debug|Any CPU.ActiveCfg = Debug|Any CPU
		{FA5B0CFA-A363-4D41-81EF-14ACF8B0B95E}.Debug|Any CPU.Build.0 = Debug|Any CPU
		{FA5B0CFA-A363-4D41-81EF-14ACF8B0B95E}.Release|Any CPU.ActiveCfg = Release|Any CPU
		{FA5B0CFA-A363-4D41-81EF-14ACF8B0B95E}.Release|Any CPU.Build.0 = Release|Any CPU
		{00B3CCC0-8420-415B-924D-5AAB9861E21A}.Debug|Any CPU.ActiveCfg = Debug|Any CPU
		{00B3CCC0-8420-415B-924D-5AAB9861E21A}.Debug|Any CPU.Build.0 = Debug|Any CPU
		{00B3CCC0-8420-415B-924D-5AAB9861E21A}.Release|Any CPU.ActiveCfg = Release|Any CPU
		{00B3CCC0-8420-415B-924D-5AAB9861E21A}.Release|Any CPU.Build.0 = Release|Any CPU
		{FAFBF841-4C27-4714-8055-6E564C5451DE}.Debug|Any CPU.ActiveCfg = Debug|Any CPU
		{FAFBF841-4C27-4714-8055-6E564C5451DE}.Debug|Any CPU.Build.0 = Debug|Any CPU
		{FAFBF841-4C27-4714-8055-6E564C5451DE}.Release|Any CPU.ActiveCfg = Release|Any CPU
		{FAFBF841-4C27-4714-8055-6E564C5451DE}.Release|Any CPU.Build.0 = Release|Any CPU
	EndGlobalSection
	GlobalSection(SolutionProperties) = preSolution
		HideSolutionNode = FALSE
	EndGlobalSection
	GlobalSection(ExtensibilityGlobals) = postSolution
		SolutionGuid = {5EFAB719-1B26-41C4-B48D-4C2489BEA124}
	EndGlobalSection
EndGlobal
