
Microsoft Visual Studio Solution File, Format Version 12.00
# Visual Studio Version 16
VisualStudioVersion = 16.0.29709.97
MinimumVisualStudioVersion = 10.0.40219.1
Project("{9A19103F-16F7-4668-BE54-9A1E7A4F7556}") = "WhiteBoard7", "WhiteBoard7\WhiteBoard7.csproj", "{55AF877D-CB35-4E47-B220-8C280808724F}"
EndProject
Project("{9A19103F-16F7-4668-BE54-9A1E7A4F7556}") = "PyramidBrickCount", "PyramidBrickCount\PyramidBrickCount.csproj", "{7CD913BB-2CE3-450F-B83A-2D140D25736E}"
EndProject
Project("{9A19103F-16F7-4668-BE54-9A1E7A4F7556}") = "Iterations", "Iterations\Iterations.csproj", "{31497852-B672-495D-9074-40B0A5E2BF6F}"
EndProject
Project("{9A19103F-16F7-4668-BE54-9A1E7A4F7556}") = "ReverseString", "ReverseString\ReverseString.csproj", "{7499E9B5-3F70-4C9A-9E3F-CE316BEBFFA7}"
EndProject
Project("{9A19103F-16F7-4668-BE54-9A1E7A4F7556}") = "ReverseStringTest", "ReverseStringTest\ReverseStringTest.csproj", "{84417D1F-39BB-4AEE-9B82-D17F904AACCF}"
EndProject
Project("{9A19103F-16F7-4668-BE54-9A1E7A4F7556}") = "ContinueLoop", "ContinueLoop\ContinueLoop.csproj", "{EE747EE4-4C0D-4C70-9E25-43FEE7B8227E}"
EndProject
Project("{9A19103F-16F7-4668-BE54-9A1E7A4F7556}") = "ContinueLoopTest", "ContinueLoopTest\ContinueLoopTest.csproj", "{B88FC37B-D077-41CD-BD3E-58A9D14CA4E7}"
EndProject
Project("{9A19103F-16F7-4668-BE54-9A1E7A4F7556}") = "PalindromeLib", "PalindromeLib\PalindromeLib.csproj", "{DE25371A-2633-44CF-BF0D-C3115ADFCAB3}"
EndProject
Project("{9A19103F-16F7-4668-BE54-9A1E7A4F7556}") = "PalindromeTest", "PalindromeTest\PalindromeTest.csproj", "{054F9C37-7BE2-4C5B-B523-A693262C39C7}"
EndProject
Project("{9A19103F-16F7-4668-BE54-9A1E7A4F7556}") = "Tuition", "Tuition\Tuition.csproj", "{453E53BF-0A1D-4BCB-A383-D1A7DB28E3A5}"
EndProject
Project("{9A19103F-16F7-4668-BE54-9A1E7A4F7556}") = "TestArea", "TestArea\TestArea.csproj", "{834E8483-B6BB-42E1-8EA0-5338918CC9FA}"
EndProject
Project("{9A19103F-16F7-4668-BE54-9A1E7A4F7556}") = "Switch-enum", "Switch-enum\Switch-enum.csproj", "{B3459F37-9E18-4D37-A89B-857EF11A3060}"
EndProject
Project("{9A19103F-16F7-4668-BE54-9A1E7A4F7556}") = "SumOfPrimes", "SumOfPrimes\SumOfPrimes.csproj", "{5CFC98D7-19F9-4D93-ADD2-52B4BBEFEEA7}"
EndProject
Project("{9A19103F-16F7-4668-BE54-9A1E7A4F7556}") = "JulianDate", "JulianDate\JulianDate.csproj", "{C45594D5-78F6-4E2E-B315-A8DBAED8314B}"
EndProject
Project("{9A19103F-16F7-4668-BE54-9A1E7A4F7556}") = "Calendar", "Calendar\Calendar.csproj", "{7B24C18D-D9CA-4B08-96FD-24DFCBECF567}"
EndProject
Project("{9A19103F-16F7-4668-BE54-9A1E7A4F7556}") = "CalendarTest", "CalendarTest\CalendarTest.csproj", "{1A483D75-7483-4266-A8E1-4234F45C1B93}"
EndProject
Project("{9A19103F-16F7-4668-BE54-9A1E7A4F7556}") = "EnumTest", "EnumTest\EnumTest.csproj", "{B84A5070-3F72-418A-8457-3FC43A7E7667}"
EndProject
Project("{9A19103F-16F7-4668-BE54-9A1E7A4F7556}") = "Alphabetize", "Alphabetize\Alphabetize.csproj", "{FA5B0CFA-A363-4D41-81EF-14ACF8B0B95E}"
EndProject
Project("{9A19103F-16F7-4668-BE54-9A1E7A4F7556}") = "AlphabetizeTest", "AlphabetizeTest\AlphabetizeTest.csproj", "{00B3CCC0-8420-415B-924D-5AAB9861E21A}"
EndProject
Project("{9A19103F-16F7-4668-BE54-9A1E7A4F7556}") = "IsPrime", "isPrime\IsPrime.csproj", "{FAFBF841-4C27-4714-8055-6E564C5451DE}"
EndProject
Project("{9A19103F-16F7-4668-BE54-9A1E7A4F7556}") = "DistinctElements", "DistinctElements\DistinctElements.csproj", "{5A0CEFD0-1DF5-4283-AF68-C9264FB252FB}"
EndProject
Project("{9A19103F-16F7-4668-BE54-9A1E7A4F7556}") = "SwapInts", "SwapInts\SwapInts.csproj", "{5A4F1241-6F1D-45CD-AC54-B9F04BDB23D4}"
EndProject
Project("{9A19103F-16F7-4668-BE54-9A1E7A4F7556}") = "SwapIntsTest", "SwapIntsTest\SwapIntsTest.csproj", "{C94932B9-1AD3-4D86-8C66-B6F85D4A4028}"
EndProject
Project("{9A19103F-16F7-4668-BE54-9A1E7A4F7556}") = "ArraySort", "ArraySort\ArraySort.csproj", "{4CF1164B-1AA7-404C-B5E7-64CD485AD82F}"
EndProject
Project("{9A19103F-16F7-4668-BE54-9A1E7A4F7556}") = "Inheritance", "ConsoleApp1\Inheritance.csproj", "{21C936FF-E1FD-474B-91C2-11E386D060C1}"
EndProject
Project("{9A19103F-16F7-4668-BE54-9A1E7A4F7556}") = "Inheritance2", "Inheritance2\Inheritance2.csproj", "{EDD5A160-0525-44B7-9C9D-5FD54431DA3F}"
EndProject
Project("{9A19103F-16F7-4668-BE54-9A1E7A4F7556}") = "VowelCount", "VowelCount\VowelCount.csproj", "{C8DD2B52-457B-42FF-B209-23560B1DBA0A}"
EndProject
Project("{9A19103F-16F7-4668-BE54-9A1E7A4F7556}") = "FirstNPrimeNumbers", "FirstNPrimeNumbers\FirstNPrimeNumbers.csproj", "{CCC33421-6013-4113-BC5D-3BC4199A234E}"
EndProject
Project("{9A19103F-16F7-4668-BE54-9A1E7A4F7556}") = "SumOfPrimesTest", "SumOfPrimesTest\SumOfPrimesTest.csproj", "{07098133-C9C3-4CCF-8B4A-C6B70F554D6C}"
EndProject
Project("{9A19103F-16F7-4668-BE54-9A1E7A4F7556}") = "AngleOfClockHands", "AngleOfClockHands\AngleOfClockHands.csproj", "{A33ACBDB-29D0-4711-8C01-5687CBC2A14A}"
EndProject
Project("{9A19103F-16F7-4668-BE54-9A1E7A4F7556}") = "AngleOfClockHandsTest", "AngleOfClockHandsTest\AngleOfClockHandsTest.csproj", "{C01AA782-D652-4A5B-8836-A97A4981B73C}"
EndProject
Project("{9A19103F-16F7-4668-BE54-9A1E7A4F7556}") = "MediaPlayerDemo", "MediaPlayerDemo\MediaPlayerDemo.csproj", "{6DDC0530-C477-4DB9-9A51-D0D84C3E0414}"
EndProject
Project("{9A19103F-16F7-4668-BE54-9A1E7A4F7556}") = "FileIO", "FileIO\FileIO.csproj", "{D96F74F7-CDC4-48A8-9DE4-FA0CFBCBCC67}"
EndProject
Project("{9A19103F-16F7-4668-BE54-9A1E7A4F7556}") = "LINQDemoCode", "LINQDemoCode\LINQDemoCode.csproj", "{B8369A0F-16BE-42CF-8425-77E0BD377FDC}"
EndProject
Project("{9A19103F-16F7-4668-BE54-9A1E7A4F7556}") = "GetWordCount", "GetWordCount\GetWordCount.csproj", "{C90B321D-D319-4AEC-A515-493CC83DA3A3}"
EndProject
Project("{9A19103F-16F7-4668-BE54-9A1E7A4F7556}") = "CountCapitals", "CountCaptials\CountCapitals.csproj", "{1FF528D3-74D1-412B-B145-B3FAAF74387E}"
EndProject
Project("{9A19103F-16F7-4668-BE54-9A1E7A4F7556}") = "CountCapitalsTest", "CountCapitalsTest\CountCapitalsTest.csproj", "{C8C4440B-9C7A-4C5D-886E-36A2711777B0}"
EndProject
Project("{9A19103F-16F7-4668-BE54-9A1E7A4F7556}") = "SumOfDoubleArrayLib", "SumOfDoubleArray\SumOfDoubleArrayLib.csproj", "{D64C8CFB-B759-4644-A04B-CECC2B765BAA}"
EndProject
Project("{9A19103F-16F7-4668-BE54-9A1E7A4F7556}") = "SumOfDoubleArrayLibTest", "SumOfDoubleArrayLibTest\SumOfDoubleArrayLibTest.csproj", "{D96EEA5F-056A-40A3-BF20-FD649ABF1DA7}"
EndProject
Project("{9A19103F-16F7-4668-BE54-9A1E7A4F7556}") = "DistinctValues", "DistinctValues\DistinctValues.csproj", "{DFEEC056-7DC1-44B5-9A8C-30F845E3F459}"
EndProject
Project("{9A19103F-16F7-4668-BE54-9A1E7A4F7556}") = "DistinctValuesTest", "DistinctValuesTest\DistinctValuesTest.csproj", "{B1B270D8-3195-4340-AC84-2FEDAFF5D891}"
EndProject
Project("{9A19103F-16F7-4668-BE54-9A1E7A4F7556}") = "StarTriangle", "StarTriangle\StarTriangle.csproj", "{7D17BF29-C2C7-450F-AB68-9B32591893BD}"
EndProject
Project("{9A19103F-16F7-4668-BE54-9A1E7A4F7556}") = "Inheritance3", "Inhetitance\Inheritance3.csproj", "{273D4B6F-C52A-4CDF-96D9-E3D8FC444EE5}"
EndProject
Project("{9A19103F-16F7-4668-BE54-9A1E7A4F7556}") = "MergeSort", "MergeSort\MergeSort.csproj", "{C760EBBE-943E-4989-850F-E644B27218B2}"
EndProject
Project("{9A19103F-16F7-4668-BE54-9A1E7A4F7556}") = "ReverseInt", "ReverseInt\ReverseInt.csproj", "{5DED3891-CDF2-44F9-92CD-9B98E530D371}"
EndProject
Project("{9A19103F-16F7-4668-BE54-9A1E7A4F7556}") = "SendEmailNotifications", "SendEmailNotifications\SendEmailNotifications.csproj", "{5A0D5EDE-465F-4F43-8F8A-B90DE7111BE4}"
EndProject
Project("{9A19103F-16F7-4668-BE54-9A1E7A4F7556}") = "EventsAndDelegates", "EventsAndDelegates\EventsAndDelegates.csproj", "{8CD92ADA-53A3-4633-B340-2FC525CA185B}"
EndProject
Project("{9A19103F-16F7-4668-BE54-9A1E7A4F7556}") = "Delegate", "Delegate\Delegate.csproj", "{C353F92C-823F-4794-B6EE-779CB7C373F7}"
EndProject
Project("{9A19103F-16F7-4668-BE54-9A1E7A4F7556}") = "SendTextNotifications", "SendTextNotifications\SendTextNotifications.csproj", "{62EE5EBC-9CA1-439D-81DA-9FAD05F8938E}"
EndProject
Project("{888888A0-9F3D-457C-B088-3A5042F75D52}") = "PythonTestApp", "PythonTestApp\PythonTestApp.pyproj", "{6722D1AD-21C8-43C4-A23C-26B2F299ABD6}"
EndProject
Project("{9A19103F-16F7-4668-BE54-9A1E7A4F7556}") = "Queue_DataStructure", "Queue_DataStructure\Queue_DataStructure.csproj", "{1DD67FD9-B62E-4503-A781-A5724BCD43BC}"
EndProject
Project("{9A19103F-16F7-4668-BE54-9A1E7A4F7556}") = "Fizz_Buzz", "Fizz_Buzz\Fizz_Buzz.csproj", "{C26812B3-6CFD-4634-B631-5318BC5C3607}"
EndProject
Project("{FAE04EC0-301F-11D3-BF4B-00C04F79EFBC}") = "ExtensionMethods", "ExtensionMethods\ExtensionMethods.csproj", "{894D5B3D-FCFE-4C18-9555-7FFCBD1EB5C6}"
EndProject
Global
	GlobalSection(SolutionConfigurationPlatforms) = preSolution
		Debug|Any CPU = Debug|Any CPU
		Release|Any CPU = Release|Any CPU
	EndGlobalSection
	GlobalSection(ProjectConfigurationPlatforms) = postSolution
		{55AF877D-CB35-4E47-B220-8C280808724F}.Debug|Any CPU.ActiveCfg = Debug|Any CPU
		{55AF877D-CB35-4E47-B220-8C280808724F}.Debug|Any CPU.Build.0 = Debug|Any CPU
		{55AF877D-CB35-4E47-B220-8C280808724F}.Release|Any CPU.ActiveCfg = Release|Any CPU
		{55AF877D-CB35-4E47-B220-8C280808724F}.Release|Any CPU.Build.0 = Release|Any CPU
		{7CD913BB-2CE3-450F-B83A-2D140D25736E}.Debug|Any CPU.ActiveCfg = Debug|Any CPU
		{7CD913BB-2CE3-450F-B83A-2D140D25736E}.Debug|Any CPU.Build.0 = Debug|Any CPU
		{7CD913BB-2CE3-450F-B83A-2D140D25736E}.Release|Any CPU.ActiveCfg = Release|Any CPU
		{7CD913BB-2CE3-450F-B83A-2D140D25736E}.Release|Any CPU.Build.0 = Release|Any CPU
		{31497852-B672-495D-9074-40B0A5E2BF6F}.Debug|Any CPU.ActiveCfg = Debug|Any CPU
		{31497852-B672-495D-9074-40B0A5E2BF6F}.Debug|Any CPU.Build.0 = Debug|Any CPU
		{31497852-B672-495D-9074-40B0A5E2BF6F}.Release|Any CPU.ActiveCfg = Release|Any CPU
		{31497852-B672-495D-9074-40B0A5E2BF6F}.Release|Any CPU.Build.0 = Release|Any CPU
		{7499E9B5-3F70-4C9A-9E3F-CE316BEBFFA7}.Debug|Any CPU.ActiveCfg = Debug|Any CPU
		{7499E9B5-3F70-4C9A-9E3F-CE316BEBFFA7}.Debug|Any CPU.Build.0 = Debug|Any CPU
		{7499E9B5-3F70-4C9A-9E3F-CE316BEBFFA7}.Release|Any CPU.ActiveCfg = Release|Any CPU
		{7499E9B5-3F70-4C9A-9E3F-CE316BEBFFA7}.Release|Any CPU.Build.0 = Release|Any CPU
		{84417D1F-39BB-4AEE-9B82-D17F904AACCF}.Debug|Any CPU.ActiveCfg = Debug|Any CPU
		{84417D1F-39BB-4AEE-9B82-D17F904AACCF}.Debug|Any CPU.Build.0 = Debug|Any CPU
		{84417D1F-39BB-4AEE-9B82-D17F904AACCF}.Release|Any CPU.ActiveCfg = Release|Any CPU
		{84417D1F-39BB-4AEE-9B82-D17F904AACCF}.Release|Any CPU.Build.0 = Release|Any CPU
		{EE747EE4-4C0D-4C70-9E25-43FEE7B8227E}.Debug|Any CPU.ActiveCfg = Debug|Any CPU
		{EE747EE4-4C0D-4C70-9E25-43FEE7B8227E}.Debug|Any CPU.Build.0 = Debug|Any CPU
		{EE747EE4-4C0D-4C70-9E25-43FEE7B8227E}.Release|Any CPU.ActiveCfg = Release|Any CPU
		{EE747EE4-4C0D-4C70-9E25-43FEE7B8227E}.Release|Any CPU.Build.0 = Release|Any CPU
		{B88FC37B-D077-41CD-BD3E-58A9D14CA4E7}.Debug|Any CPU.ActiveCfg = Debug|Any CPU
		{B88FC37B-D077-41CD-BD3E-58A9D14CA4E7}.Debug|Any CPU.Build.0 = Debug|Any CPU
		{B88FC37B-D077-41CD-BD3E-58A9D14CA4E7}.Release|Any CPU.ActiveCfg = Release|Any CPU
		{B88FC37B-D077-41CD-BD3E-58A9D14CA4E7}.Release|Any CPU.Build.0 = Release|Any CPU
		{DE25371A-2633-44CF-BF0D-C3115ADFCAB3}.Debug|Any CPU.ActiveCfg = Debug|Any CPU
		{DE25371A-2633-44CF-BF0D-C3115ADFCAB3}.Debug|Any CPU.Build.0 = Debug|Any CPU
		{DE25371A-2633-44CF-BF0D-C3115ADFCAB3}.Release|Any CPU.ActiveCfg = Release|Any CPU
		{DE25371A-2633-44CF-BF0D-C3115ADFCAB3}.Release|Any CPU.Build.0 = Release|Any CPU
		{054F9C37-7BE2-4C5B-B523-A693262C39C7}.Debug|Any CPU.ActiveCfg = Debug|Any CPU
		{054F9C37-7BE2-4C5B-B523-A693262C39C7}.Debug|Any CPU.Build.0 = Debug|Any CPU
		{054F9C37-7BE2-4C5B-B523-A693262C39C7}.Release|Any CPU.ActiveCfg = Release|Any CPU
		{054F9C37-7BE2-4C5B-B523-A693262C39C7}.Release|Any CPU.Build.0 = Release|Any CPU
		{453E53BF-0A1D-4BCB-A383-D1A7DB28E3A5}.Debug|Any CPU.ActiveCfg = Debug|Any CPU
		{453E53BF-0A1D-4BCB-A383-D1A7DB28E3A5}.Debug|Any CPU.Build.0 = Debug|Any CPU
		{453E53BF-0A1D-4BCB-A383-D1A7DB28E3A5}.Release|Any CPU.ActiveCfg = Release|Any CPU
		{453E53BF-0A1D-4BCB-A383-D1A7DB28E3A5}.Release|Any CPU.Build.0 = Release|Any CPU
		{834E8483-B6BB-42E1-8EA0-5338918CC9FA}.Debug|Any CPU.ActiveCfg = Debug|Any CPU
		{834E8483-B6BB-42E1-8EA0-5338918CC9FA}.Debug|Any CPU.Build.0 = Debug|Any CPU
		{834E8483-B6BB-42E1-8EA0-5338918CC9FA}.Release|Any CPU.ActiveCfg = Release|Any CPU
		{834E8483-B6BB-42E1-8EA0-5338918CC9FA}.Release|Any CPU.Build.0 = Release|Any CPU
		{B3459F37-9E18-4D37-A89B-857EF11A3060}.Debug|Any CPU.ActiveCfg = Debug|Any CPU
		{B3459F37-9E18-4D37-A89B-857EF11A3060}.Debug|Any CPU.Build.0 = Debug|Any CPU
		{B3459F37-9E18-4D37-A89B-857EF11A3060}.Release|Any CPU.ActiveCfg = Release|Any CPU
		{B3459F37-9E18-4D37-A89B-857EF11A3060}.Release|Any CPU.Build.0 = Release|Any CPU
		{5CFC98D7-19F9-4D93-ADD2-52B4BBEFEEA7}.Debug|Any CPU.ActiveCfg = Debug|Any CPU
		{5CFC98D7-19F9-4D93-ADD2-52B4BBEFEEA7}.Debug|Any CPU.Build.0 = Debug|Any CPU
		{5CFC98D7-19F9-4D93-ADD2-52B4BBEFEEA7}.Release|Any CPU.ActiveCfg = Release|Any CPU
		{5CFC98D7-19F9-4D93-ADD2-52B4BBEFEEA7}.Release|Any CPU.Build.0 = Release|Any CPU
		{C45594D5-78F6-4E2E-B315-A8DBAED8314B}.Debug|Any CPU.ActiveCfg = Debug|Any CPU
		{C45594D5-78F6-4E2E-B315-A8DBAED8314B}.Debug|Any CPU.Build.0 = Debug|Any CPU
		{C45594D5-78F6-4E2E-B315-A8DBAED8314B}.Release|Any CPU.ActiveCfg = Release|Any CPU
		{C45594D5-78F6-4E2E-B315-A8DBAED8314B}.Release|Any CPU.Build.0 = Release|Any CPU
		{7B24C18D-D9CA-4B08-96FD-24DFCBECF567}.Debug|Any CPU.ActiveCfg = Debug|Any CPU
		{7B24C18D-D9CA-4B08-96FD-24DFCBECF567}.Debug|Any CPU.Build.0 = Debug|Any CPU
		{7B24C18D-D9CA-4B08-96FD-24DFCBECF567}.Release|Any CPU.ActiveCfg = Release|Any CPU
		{7B24C18D-D9CA-4B08-96FD-24DFCBECF567}.Release|Any CPU.Build.0 = Release|Any CPU
		{1A483D75-7483-4266-A8E1-4234F45C1B93}.Debug|Any CPU.ActiveCfg = Debug|Any CPU
		{1A483D75-7483-4266-A8E1-4234F45C1B93}.Debug|Any CPU.Build.0 = Debug|Any CPU
		{1A483D75-7483-4266-A8E1-4234F45C1B93}.Release|Any CPU.ActiveCfg = Release|Any CPU
		{1A483D75-7483-4266-A8E1-4234F45C1B93}.Release|Any CPU.Build.0 = Release|Any CPU
		{B84A5070-3F72-418A-8457-3FC43A7E7667}.Debug|Any CPU.ActiveCfg = Debug|Any CPU
		{B84A5070-3F72-418A-8457-3FC43A7E7667}.Debug|Any CPU.Build.0 = Debug|Any CPU
		{B84A5070-3F72-418A-8457-3FC43A7E7667}.Release|Any CPU.ActiveCfg = Release|Any CPU
		{B84A5070-3F72-418A-8457-3FC43A7E7667}.Release|Any CPU.Build.0 = Release|Any CPU
		{FA5B0CFA-A363-4D41-81EF-14ACF8B0B95E}.Debug|Any CPU.ActiveCfg = Debug|Any CPU
		{FA5B0CFA-A363-4D41-81EF-14ACF8B0B95E}.Debug|Any CPU.Build.0 = Debug|Any CPU
		{FA5B0CFA-A363-4D41-81EF-14ACF8B0B95E}.Release|Any CPU.ActiveCfg = Release|Any CPU
		{FA5B0CFA-A363-4D41-81EF-14ACF8B0B95E}.Release|Any CPU.Build.0 = Release|Any CPU
		{00B3CCC0-8420-415B-924D-5AAB9861E21A}.Debug|Any CPU.ActiveCfg = Debug|Any CPU
		{00B3CCC0-8420-415B-924D-5AAB9861E21A}.Debug|Any CPU.Build.0 = Debug|Any CPU
		{00B3CCC0-8420-415B-924D-5AAB9861E21A}.Release|Any CPU.ActiveCfg = Release|Any CPU
		{00B3CCC0-8420-415B-924D-5AAB9861E21A}.Release|Any CPU.Build.0 = Release|Any CPU
		{FAFBF841-4C27-4714-8055-6E564C5451DE}.Debug|Any CPU.ActiveCfg = Debug|Any CPU
		{FAFBF841-4C27-4714-8055-6E564C5451DE}.Debug|Any CPU.Build.0 = Debug|Any CPU
		{FAFBF841-4C27-4714-8055-6E564C5451DE}.Release|Any CPU.ActiveCfg = Release|Any CPU
		{FAFBF841-4C27-4714-8055-6E564C5451DE}.Release|Any CPU.Build.0 = Release|Any CPU
		{5A0CEFD0-1DF5-4283-AF68-C9264FB252FB}.Debug|Any CPU.ActiveCfg = Debug|Any CPU
		{5A0CEFD0-1DF5-4283-AF68-C9264FB252FB}.Debug|Any CPU.Build.0 = Debug|Any CPU
		{5A0CEFD0-1DF5-4283-AF68-C9264FB252FB}.Release|Any CPU.ActiveCfg = Release|Any CPU
		{5A0CEFD0-1DF5-4283-AF68-C9264FB252FB}.Release|Any CPU.Build.0 = Release|Any CPU
		{5A4F1241-6F1D-45CD-AC54-B9F04BDB23D4}.Debug|Any CPU.ActiveCfg = Debug|Any CPU
		{5A4F1241-6F1D-45CD-AC54-B9F04BDB23D4}.Debug|Any CPU.Build.0 = Debug|Any CPU
		{5A4F1241-6F1D-45CD-AC54-B9F04BDB23D4}.Release|Any CPU.ActiveCfg = Release|Any CPU
		{5A4F1241-6F1D-45CD-AC54-B9F04BDB23D4}.Release|Any CPU.Build.0 = Release|Any CPU
		{C94932B9-1AD3-4D86-8C66-B6F85D4A4028}.Debug|Any CPU.ActiveCfg = Debug|Any CPU
		{C94932B9-1AD3-4D86-8C66-B6F85D4A4028}.Debug|Any CPU.Build.0 = Debug|Any CPU
		{C94932B9-1AD3-4D86-8C66-B6F85D4A4028}.Release|Any CPU.ActiveCfg = Release|Any CPU
		{C94932B9-1AD3-4D86-8C66-B6F85D4A4028}.Release|Any CPU.Build.0 = Release|Any CPU
		{4CF1164B-1AA7-404C-B5E7-64CD485AD82F}.Debug|Any CPU.ActiveCfg = Debug|Any CPU
		{4CF1164B-1AA7-404C-B5E7-64CD485AD82F}.Debug|Any CPU.Build.0 = Debug|Any CPU
		{4CF1164B-1AA7-404C-B5E7-64CD485AD82F}.Release|Any CPU.ActiveCfg = Release|Any CPU
		{4CF1164B-1AA7-404C-B5E7-64CD485AD82F}.Release|Any CPU.Build.0 = Release|Any CPU
		{21C936FF-E1FD-474B-91C2-11E386D060C1}.Debug|Any CPU.ActiveCfg = Debug|Any CPU
		{21C936FF-E1FD-474B-91C2-11E386D060C1}.Debug|Any CPU.Build.0 = Debug|Any CPU
		{21C936FF-E1FD-474B-91C2-11E386D060C1}.Release|Any CPU.ActiveCfg = Release|Any CPU
		{21C936FF-E1FD-474B-91C2-11E386D060C1}.Release|Any CPU.Build.0 = Release|Any CPU
		{EDD5A160-0525-44B7-9C9D-5FD54431DA3F}.Debug|Any CPU.ActiveCfg = Debug|Any CPU
		{EDD5A160-0525-44B7-9C9D-5FD54431DA3F}.Debug|Any CPU.Build.0 = Debug|Any CPU
		{EDD5A160-0525-44B7-9C9D-5FD54431DA3F}.Release|Any CPU.ActiveCfg = Release|Any CPU
		{EDD5A160-0525-44B7-9C9D-5FD54431DA3F}.Release|Any CPU.Build.0 = Release|Any CPU
		{C8DD2B52-457B-42FF-B209-23560B1DBA0A}.Debug|Any CPU.ActiveCfg = Debug|Any CPU
		{C8DD2B52-457B-42FF-B209-23560B1DBA0A}.Debug|Any CPU.Build.0 = Debug|Any CPU
		{C8DD2B52-457B-42FF-B209-23560B1DBA0A}.Release|Any CPU.ActiveCfg = Release|Any CPU
		{C8DD2B52-457B-42FF-B209-23560B1DBA0A}.Release|Any CPU.Build.0 = Release|Any CPU
		{CCC33421-6013-4113-BC5D-3BC4199A234E}.Debug|Any CPU.ActiveCfg = Debug|Any CPU
		{CCC33421-6013-4113-BC5D-3BC4199A234E}.Debug|Any CPU.Build.0 = Debug|Any CPU
		{CCC33421-6013-4113-BC5D-3BC4199A234E}.Release|Any CPU.ActiveCfg = Release|Any CPU
		{CCC33421-6013-4113-BC5D-3BC4199A234E}.Release|Any CPU.Build.0 = Release|Any CPU
		{07098133-C9C3-4CCF-8B4A-C6B70F554D6C}.Debug|Any CPU.ActiveCfg = Debug|Any CPU
		{07098133-C9C3-4CCF-8B4A-C6B70F554D6C}.Debug|Any CPU.Build.0 = Debug|Any CPU
		{07098133-C9C3-4CCF-8B4A-C6B70F554D6C}.Release|Any CPU.ActiveCfg = Release|Any CPU
		{07098133-C9C3-4CCF-8B4A-C6B70F554D6C}.Release|Any CPU.Build.0 = Release|Any CPU
		{A33ACBDB-29D0-4711-8C01-5687CBC2A14A}.Debug|Any CPU.ActiveCfg = Debug|Any CPU
		{A33ACBDB-29D0-4711-8C01-5687CBC2A14A}.Debug|Any CPU.Build.0 = Debug|Any CPU
		{A33ACBDB-29D0-4711-8C01-5687CBC2A14A}.Release|Any CPU.ActiveCfg = Release|Any CPU
		{A33ACBDB-29D0-4711-8C01-5687CBC2A14A}.Release|Any CPU.Build.0 = Release|Any CPU
		{C01AA782-D652-4A5B-8836-A97A4981B73C}.Debug|Any CPU.ActiveCfg = Debug|Any CPU
		{C01AA782-D652-4A5B-8836-A97A4981B73C}.Debug|Any CPU.Build.0 = Debug|Any CPU
		{C01AA782-D652-4A5B-8836-A97A4981B73C}.Release|Any CPU.ActiveCfg = Release|Any CPU
		{C01AA782-D652-4A5B-8836-A97A4981B73C}.Release|Any CPU.Build.0 = Release|Any CPU
		{6DDC0530-C477-4DB9-9A51-D0D84C3E0414}.Debug|Any CPU.ActiveCfg = Debug|Any CPU
		{6DDC0530-C477-4DB9-9A51-D0D84C3E0414}.Debug|Any CPU.Build.0 = Debug|Any CPU
		{6DDC0530-C477-4DB9-9A51-D0D84C3E0414}.Release|Any CPU.ActiveCfg = Release|Any CPU
		{6DDC0530-C477-4DB9-9A51-D0D84C3E0414}.Release|Any CPU.Build.0 = Release|Any CPU
		{D96F74F7-CDC4-48A8-9DE4-FA0CFBCBCC67}.Debug|Any CPU.ActiveCfg = Debug|Any CPU
		{D96F74F7-CDC4-48A8-9DE4-FA0CFBCBCC67}.Debug|Any CPU.Build.0 = Debug|Any CPU
		{D96F74F7-CDC4-48A8-9DE4-FA0CFBCBCC67}.Release|Any CPU.ActiveCfg = Release|Any CPU
		{D96F74F7-CDC4-48A8-9DE4-FA0CFBCBCC67}.Release|Any CPU.Build.0 = Release|Any CPU
		{B8369A0F-16BE-42CF-8425-77E0BD377FDC}.Debug|Any CPU.ActiveCfg = Debug|Any CPU
		{B8369A0F-16BE-42CF-8425-77E0BD377FDC}.Debug|Any CPU.Build.0 = Debug|Any CPU
		{B8369A0F-16BE-42CF-8425-77E0BD377FDC}.Release|Any CPU.ActiveCfg = Release|Any CPU
		{B8369A0F-16BE-42CF-8425-77E0BD377FDC}.Release|Any CPU.Build.0 = Release|Any CPU
		{C90B321D-D319-4AEC-A515-493CC83DA3A3}.Debug|Any CPU.ActiveCfg = Debug|Any CPU
		{C90B321D-D319-4AEC-A515-493CC83DA3A3}.Debug|Any CPU.Build.0 = Debug|Any CPU
		{C90B321D-D319-4AEC-A515-493CC83DA3A3}.Release|Any CPU.ActiveCfg = Release|Any CPU
		{C90B321D-D319-4AEC-A515-493CC83DA3A3}.Release|Any CPU.Build.0 = Release|Any CPU
		{1FF528D3-74D1-412B-B145-B3FAAF74387E}.Debug|Any CPU.ActiveCfg = Debug|Any CPU
		{1FF528D3-74D1-412B-B145-B3FAAF74387E}.Debug|Any CPU.Build.0 = Debug|Any CPU
		{1FF528D3-74D1-412B-B145-B3FAAF74387E}.Release|Any CPU.ActiveCfg = Release|Any CPU
		{1FF528D3-74D1-412B-B145-B3FAAF74387E}.Release|Any CPU.Build.0 = Release|Any CPU
		{C8C4440B-9C7A-4C5D-886E-36A2711777B0}.Debug|Any CPU.ActiveCfg = Debug|Any CPU
		{C8C4440B-9C7A-4C5D-886E-36A2711777B0}.Debug|Any CPU.Build.0 = Debug|Any CPU
		{C8C4440B-9C7A-4C5D-886E-36A2711777B0}.Release|Any CPU.ActiveCfg = Release|Any CPU
		{C8C4440B-9C7A-4C5D-886E-36A2711777B0}.Release|Any CPU.Build.0 = Release|Any CPU
		{D64C8CFB-B759-4644-A04B-CECC2B765BAA}.Debug|Any CPU.ActiveCfg = Debug|Any CPU
		{D64C8CFB-B759-4644-A04B-CECC2B765BAA}.Debug|Any CPU.Build.0 = Debug|Any CPU
		{D64C8CFB-B759-4644-A04B-CECC2B765BAA}.Release|Any CPU.ActiveCfg = Release|Any CPU
		{D64C8CFB-B759-4644-A04B-CECC2B765BAA}.Release|Any CPU.Build.0 = Release|Any CPU
		{D96EEA5F-056A-40A3-BF20-FD649ABF1DA7}.Debug|Any CPU.ActiveCfg = Debug|Any CPU
		{D96EEA5F-056A-40A3-BF20-FD649ABF1DA7}.Debug|Any CPU.Build.0 = Debug|Any CPU
		{D96EEA5F-056A-40A3-BF20-FD649ABF1DA7}.Release|Any CPU.ActiveCfg = Release|Any CPU
		{D96EEA5F-056A-40A3-BF20-FD649ABF1DA7}.Release|Any CPU.Build.0 = Release|Any CPU
		{DFEEC056-7DC1-44B5-9A8C-30F845E3F459}.Debug|Any CPU.ActiveCfg = Debug|Any CPU
		{DFEEC056-7DC1-44B5-9A8C-30F845E3F459}.Debug|Any CPU.Build.0 = Debug|Any CPU
		{DFEEC056-7DC1-44B5-9A8C-30F845E3F459}.Release|Any CPU.ActiveCfg = Release|Any CPU
		{DFEEC056-7DC1-44B5-9A8C-30F845E3F459}.Release|Any CPU.Build.0 = Release|Any CPU
		{B1B270D8-3195-4340-AC84-2FEDAFF5D891}.Debug|Any CPU.ActiveCfg = Debug|Any CPU
		{B1B270D8-3195-4340-AC84-2FEDAFF5D891}.Debug|Any CPU.Build.0 = Debug|Any CPU
		{B1B270D8-3195-4340-AC84-2FEDAFF5D891}.Release|Any CPU.ActiveCfg = Release|Any CPU
		{B1B270D8-3195-4340-AC84-2FEDAFF5D891}.Release|Any CPU.Build.0 = Release|Any CPU
		{7D17BF29-C2C7-450F-AB68-9B32591893BD}.Debug|Any CPU.ActiveCfg = Debug|Any CPU
		{7D17BF29-C2C7-450F-AB68-9B32591893BD}.Debug|Any CPU.Build.0 = Debug|Any CPU
		{7D17BF29-C2C7-450F-AB68-9B32591893BD}.Release|Any CPU.ActiveCfg = Release|Any CPU
		{7D17BF29-C2C7-450F-AB68-9B32591893BD}.Release|Any CPU.Build.0 = Release|Any CPU
		{273D4B6F-C52A-4CDF-96D9-E3D8FC444EE5}.Debug|Any CPU.ActiveCfg = Debug|Any CPU
		{273D4B6F-C52A-4CDF-96D9-E3D8FC444EE5}.Debug|Any CPU.Build.0 = Debug|Any CPU
		{273D4B6F-C52A-4CDF-96D9-E3D8FC444EE5}.Release|Any CPU.ActiveCfg = Release|Any CPU
		{273D4B6F-C52A-4CDF-96D9-E3D8FC444EE5}.Release|Any CPU.Build.0 = Release|Any CPU
		{C760EBBE-943E-4989-850F-E644B27218B2}.Debug|Any CPU.ActiveCfg = Debug|Any CPU
		{C760EBBE-943E-4989-850F-E644B27218B2}.Debug|Any CPU.Build.0 = Debug|Any CPU
		{C760EBBE-943E-4989-850F-E644B27218B2}.Release|Any CPU.ActiveCfg = Release|Any CPU
		{C760EBBE-943E-4989-850F-E644B27218B2}.Release|Any CPU.Build.0 = Release|Any CPU
		{5DED3891-CDF2-44F9-92CD-9B98E530D371}.Debug|Any CPU.ActiveCfg = Debug|Any CPU
		{5DED3891-CDF2-44F9-92CD-9B98E530D371}.Debug|Any CPU.Build.0 = Debug|Any CPU
		{5DED3891-CDF2-44F9-92CD-9B98E530D371}.Release|Any CPU.ActiveCfg = Release|Any CPU
		{5DED3891-CDF2-44F9-92CD-9B98E530D371}.Release|Any CPU.Build.0 = Release|Any CPU
		{5A0D5EDE-465F-4F43-8F8A-B90DE7111BE4}.Debug|Any CPU.ActiveCfg = Debug|Any CPU
		{5A0D5EDE-465F-4F43-8F8A-B90DE7111BE4}.Debug|Any CPU.Build.0 = Debug|Any CPU
		{5A0D5EDE-465F-4F43-8F8A-B90DE7111BE4}.Release|Any CPU.ActiveCfg = Release|Any CPU
		{5A0D5EDE-465F-4F43-8F8A-B90DE7111BE4}.Release|Any CPU.Build.0 = Release|Any CPU
		{8CD92ADA-53A3-4633-B340-2FC525CA185B}.Debug|Any CPU.ActiveCfg = Debug|Any CPU
		{8CD92ADA-53A3-4633-B340-2FC525CA185B}.Debug|Any CPU.Build.0 = Debug|Any CPU
		{8CD92ADA-53A3-4633-B340-2FC525CA185B}.Release|Any CPU.ActiveCfg = Release|Any CPU
		{8CD92ADA-53A3-4633-B340-2FC525CA185B}.Release|Any CPU.Build.0 = Release|Any CPU
		{C353F92C-823F-4794-B6EE-779CB7C373F7}.Debug|Any CPU.ActiveCfg = Debug|Any CPU
		{C353F92C-823F-4794-B6EE-779CB7C373F7}.Debug|Any CPU.Build.0 = Debug|Any CPU
		{C353F92C-823F-4794-B6EE-779CB7C373F7}.Release|Any CPU.ActiveCfg = Release|Any CPU
		{C353F92C-823F-4794-B6EE-779CB7C373F7}.Release|Any CPU.Build.0 = Release|Any CPU
		{62EE5EBC-9CA1-439D-81DA-9FAD05F8938E}.Debug|Any CPU.ActiveCfg = Debug|Any CPU
		{62EE5EBC-9CA1-439D-81DA-9FAD05F8938E}.Debug|Any CPU.Build.0 = Debug|Any CPU
		{62EE5EBC-9CA1-439D-81DA-9FAD05F8938E}.Release|Any CPU.ActiveCfg = Release|Any CPU
		{62EE5EBC-9CA1-439D-81DA-9FAD05F8938E}.Release|Any CPU.Build.0 = Release|Any CPU
		{6722D1AD-21C8-43C4-A23C-26B2F299ABD6}.Debug|Any CPU.ActiveCfg = Debug|Any CPU
		{6722D1AD-21C8-43C4-A23C-26B2F299ABD6}.Release|Any CPU.ActiveCfg = Release|Any CPU
		{1DD67FD9-B62E-4503-A781-A5724BCD43BC}.Debug|Any CPU.ActiveCfg = Debug|Any CPU
		{1DD67FD9-B62E-4503-A781-A5724BCD43BC}.Debug|Any CPU.Build.0 = Debug|Any CPU
		{1DD67FD9-B62E-4503-A781-A5724BCD43BC}.Release|Any CPU.ActiveCfg = Release|Any CPU
		{1DD67FD9-B62E-4503-A781-A5724BCD43BC}.Release|Any CPU.Build.0 = Release|Any CPU
		{C26812B3-6CFD-4634-B631-5318BC5C3607}.Debug|Any CPU.ActiveCfg = Debug|Any CPU
		{C26812B3-6CFD-4634-B631-5318BC5C3607}.Debug|Any CPU.Build.0 = Debug|Any CPU
		{C26812B3-6CFD-4634-B631-5318BC5C3607}.Release|Any CPU.ActiveCfg = Release|Any CPU
		{C26812B3-6CFD-4634-B631-5318BC5C3607}.Release|Any CPU.Build.0 = Release|Any CPU
		{894D5B3D-FCFE-4C18-9555-7FFCBD1EB5C6}.Debug|Any CPU.ActiveCfg = Debug|Any CPU
		{894D5B3D-FCFE-4C18-9555-7FFCBD1EB5C6}.Debug|Any CPU.Build.0 = Debug|Any CPU
		{894D5B3D-FCFE-4C18-9555-7FFCBD1EB5C6}.Release|Any CPU.ActiveCfg = Release|Any CPU
		{894D5B3D-FCFE-4C18-9555-7FFCBD1EB5C6}.Release|Any CPU.Build.0 = Release|Any CPU
	EndGlobalSection
	GlobalSection(SolutionProperties) = preSolution
		HideSolutionNode = FALSE
	EndGlobalSection
	GlobalSection(ExtensibilityGlobals) = postSolution
		SolutionGuid = {5EFAB719-1B26-41C4-B48D-4C2489BEA124}
	EndGlobalSection
EndGlobal
